
Microsoft Visual Studio Solution File, Format Version 12.00
# Visual Studio Version 17
VisualStudioVersion = 17.8.34408.163
MinimumVisualStudioVersion = 10.0.40219.1
Project("{9A19103F-16F7-4668-BE54-9A1E7A4F7556}") = "DilloAssault", "DilloAssault\DilloAssault.csproj", "{A54A9626-80DE-4509-B767-C768B4E87846}"
EndProject
Global
	GlobalSection(SolutionConfigurationPlatforms) = preSolution
		Debug|Any CPU = Debug|Any CPU
		Release|Any CPU = Release|Any CPU
	EndGlobalSection
	GlobalSection(ProjectConfigurationPlatforms) = postSolution
		{A54A9626-80DE-4509-B767-C768B4E87846}.Debug|Any CPU.ActiveCfg = Debug|Any CPU
		{A54A9626-80DE-4509-B767-C768B4E87846}.Debug|Any CPU.Build.0 = Debug|Any CPU
		{A54A9626-80DE-4509-B767-C768B4E87846}.Release|Any CPU.ActiveCfg = Release|Any CPU
		{A54A9626-80DE-4509-B767-C768B4E87846}.Release|Any CPU.Build.0 = Release|Any CPU
	EndGlobalSection
	GlobalSection(SolutionProperties) = preSolution
		HideSolutionNode = FALSE
	EndGlobalSection
	GlobalSection(ExtensibilityGlobals) = postSolution
		SolutionGuid = {5557BB15-3527-4613-8DC7-1FA0FF024EB2}
	EndGlobalSection
EndGlobal
